
Microsoft Visual Studio Solution File, Format Version 12.00
# Visual Studio Version 16
VisualStudioVersion = 16.0.31205.134
MinimumVisualStudioVersion = 10.0.40219.1
Project("{FAE04EC0-301F-11D3-BF4B-00C04F79EFBC}") = "StartupClass", "StartupClass\StartupClass.csproj", "{88FBAB23-5B45-45C6-9465-87DDC5C7F229}"
EndProject
Global
	GlobalSection(SolutionConfigurationPlatforms) = preSolution
		Debug|Any CPU = Debug|Any CPU
		Release|Any CPU = Release|Any CPU
	EndGlobalSection
	GlobalSection(ProjectConfigurationPlatforms) = postSolution
		{88FBAB23-5B45-45C6-9465-87DDC5C7F229}.Debug|Any CPU.ActiveCfg = Debug|Any CPU
		{88FBAB23-5B45-45C6-9465-87DDC5C7F229}.Debug|Any CPU.Build.0 = Debug|Any CPU
		{88FBAB23-5B45-45C6-9465-87DDC5C7F229}.Release|Any CPU.ActiveCfg = Release|Any CPU
		{88FBAB23-5B45-45C6-9465-87DDC5C7F229}.Release|Any CPU.Build.0 = Release|Any CPU
	EndGlobalSection
	GlobalSection(SolutionProperties) = preSolution
		HideSolutionNode = FALSE
	EndGlobalSection
	GlobalSection(ExtensibilityGlobals) = postSolution
		SolutionGuid = {E1941495-D40D-4CD8-9722-9781D5ED88B1}
	EndGlobalSection
EndGlobal
